# This file is autogenerated, do not edit; changes may be undone by the next 'dep ensure'.


[[projects]]
  branch = "master"
  digest = "1:9b64205eab36d1b73a2ae0ae0fb8770e37ba70d4d6fc207d21104e9adcccf085"
  name = "github.com/bitrise-io/go-steputils"
  packages = ["stepconf"]
  pruneopts = ""
  revision = "3c98d95a94d51624a26e99419d0fc03d2aab0055"

[[projects]]
  branch = "master"
  digest = "1:d8c568d02c69d6e612fb94db8db275492523bb66d0a79ab4036067681b8e5785"
  name = "github.com/bitrise-io/go-utils"
  packages = [
    "colorstring",
    "command",
    "errorutil",
    "fileutil",
    "log",
    "parseutil",
    "pathutil",
    "pointers",
  ]
  pruneopts = ""
  revision = "252723a83464eac6cf133de86c666f1829b4479c"

[solve-meta]
  analyzer-name = "dep"
  analyzer-version = 1
  input-imports = [
    "github.com/bitrise-io/go-steputils/stepconf",
    "github.com/bitrise-io/go-utils/command",
    "github.com/bitrise-io/go-utils/fileutil",
    "github.com/bitrise-io/go-utils/log",
  ]
  solver-name = "gps-cdcl"
  solver-version = 1
